# @generated - this file is auto-generated by `mise lock` https://mise.jdx.dev/dev-tools/mise-lock.html

[[tools."github:rust-cross/cargo-zigbuild"]]
version = "0.23.4"
backend = "github:rust-cross/cargo-zigbuild"

[tools."github:rust-cross/cargo-zigbuild"."platforms.linux-arm64"]
checksum = "sha256:25cf2cdc6cde848b33a761ff2cf46d1efe6ba7e1adfc4b6f3ee2d570cacb5419"
url = "https://github.com/rust-cross/cargo-zigbuild/releases/download/v0.23.4/cargo-zigbuild-aarch64-unknown-linux-gnu.tar.xz"
url_api = "https://api.github.com/repos/rust-cross/cargo-zigbuild/releases/assets/541272860"

[tools."github:rust-cross/cargo-zigbuild"."platforms.linux-arm64-musl"]
checksum = "sha256:25cf2cdc6cde848b33a761ff2cf46d1efe6ba7e1adfc4b6f3ee2d570cacb5419"
url = "https://github.com/rust-cross/cargo-zigbuild/releases/download/v0.23.4/cargo-zigbuild-aarch64-unknown-linux-gnu.tar.xz"
url_api = "https://api.github.com/repos/rust-cross/cargo-zigbuild/releases/assets/541272860"

[tools."github:rust-cross/cargo-zigbuild"."platforms.linux-x64"]
checksum = "sha256:6b69963040818ca1ef573d8135a95aa902e17cf7f873c32c6426642dadfe7f59"
url = "https://github.com/rust-cross/cargo-zigbuild/releases/download/v0.23.4/cargo-zigbuild-x86_64-unknown-linux-gnu.tar.xz"
url_api = "https://api.github.com/repos/rust-cross/cargo-zigbuild/releases/assets/541272889"

[tools."github:rust-cross/cargo-zigbuild"."platforms.linux-x64-musl"]
checksum = "sha256:9e3cf73485edbd45905c8aadbc0fdf869c7ddc3848f0c898229f2680db52e44b"
url = "https://github.com/rust-cross/cargo-zigbuild/releases/download/v0.23.4/cargo-zigbuild-x86_64-unknown-linux-musl.tar.xz"
url_api = "https://api.github.com/repos/rust-cross/cargo-zigbuild/releases/assets/541272909"

[tools."github:rust-cross/cargo-zigbuild"."platforms.macos-arm64"]
checksum = "sha256:ca2369ae1a9995542206a6c18dd372acff94dddeb9d7c07e09bfb7594197cea3"
url = "https://github.com/rust-cross/cargo-zigbuild/releases/download/v0.23.4/cargo-zigbuild-aarch64-apple-darwin.tar.xz"
url_api = "https://api.github.com/repos/rust-cross/cargo-zigbuild/releases/assets/541272865"

[tools."github:rust-cross/cargo-zigbuild"."platforms.macos-x64"]
checksum = "sha256:79463de3b10811fcebe91a3771f9658a2e40178eb6de66a2d379d12fe5317b6c"
url = "https://github.com/rust-cross/cargo-zigbuild/releases/download/v0.23.4/cargo-zigbuild-x86_64-apple-darwin.tar.xz"
url_api = "https://api.github.com/repos/rust-cross/cargo-zigbuild/releases/assets/541272875"

[tools."github:rust-cross/cargo-zigbuild"."platforms.windows-x64"]
checksum = "sha256:cd1226091f9f99ac7b46fb413968fb0b46edbe3ea961817d31b968352de4d4a6"
url = "https://github.com/rust-cross/cargo-zigbuild/releases/download/v0.23.4/cargo-zigbuild-x86_64-pc-windows-msvc.zip"
url_api = "https://api.github.com/repos/rust-cross/cargo-zigbuild/releases/assets/541272877"

[[tools.node]]
version = "24.19.0"
backend = "core:node"

[tools.node."platforms.linux-arm64"]
checksum = "sha256:d28c8a5bf0a808f0ed434a1dce8c54ae98f0371c0bd86ac58abc613f73e6643f"
url = "https://nodejs.org/dist/v24.19.0/node-v24.19.0-linux-arm64.tar.gz"

[tools.node."platforms.linux-arm64-musl"]
checksum = "sha256:20824e4d35948fae5b337dccef47813b04d8995312f59df7386f2256d9f9ab7e"
url = "https://unofficial-builds.nodejs.org/download/release/v24.19.0/node-v24.19.0-linux-arm64-musl.tar.gz"

[tools.node."platforms.linux-x64"]
checksum = "sha256:f625d97cd707df4ff96254916fbc5ff014f09c09effe5a1e0ca8f6d41a8789d4"
url = "https://nodejs.org/dist/v24.19.0/node-v24.19.0-linux-x64.tar.gz"

[tools.node."platforms.linux-x64-musl"]
checksum = "sha256:c60223786df14a5d23e220ebb8e60318f5322640a62f90e6d9e54d3a18da532e"
url = "https://unofficial-builds.nodejs.org/download/release/v24.19.0/node-v24.19.0-linux-x64-musl.tar.gz"

[tools.node."platforms.macos-arm64"]
checksum = "sha256:8294b7aa9b03997481c06babf1e8b270c859358f27da57a11509afe537ac381d"
url = "https://nodejs.org/dist/v24.19.0/node-v24.19.0-darwin-arm64.tar.gz"

[tools.node."platforms.macos-x64"]
checksum = "sha256:d1b5e999db158c62fe8f7267a4476b035d8bd93b1a605bac24a3f0dd166e3316"
url = "https://nodejs.org/dist/v24.19.0/node-v24.19.0-darwin-x64.tar.gz"

[tools.node."platforms.windows-x64"]
checksum = "sha256:57f71ab3652e797d84acddc79c81cc9ff1c6ddb2a1974cdb83f00fee9bff4c73"
url = "https://nodejs.org/dist/v24.19.0/node-v24.19.0-win-x64.zip"

[[tools.pnpm]]
version = "11.25.0"
backend = "aqua:pnpm/pnpm"

[tools.pnpm."platforms.linux-arm64"]
checksum = "sha256:6d62b433b7a77b77e814dfaca8032bae57bb79c1a5ad50442e688c4f7fed3c8a"
url = "https://github.com/pnpm/pnpm/releases/download/v11.25.0/pnpm-linux-arm64.tar.gz"
url_api = "https://api.github.com/repos/pnpm/pnpm/releases/assets/535298943"
provenance = "github-attestations"

[tools.pnpm."platforms.linux-arm64-musl"]
checksum = "sha256:d826eaa243bb7b9c7bc21df3fae9ade147c3f0b6f035fa9fa92eef5196d1762e"
url = "https://github.com/pnpm/pnpm/releases/download/v11.25.0/pnpm-linux-arm64-musl.tar.gz"
url_api = "https://api.github.com/repos/pnpm/pnpm/releases/assets/535298947"
provenance = "github-attestations"

[tools.pnpm."platforms.linux-x64"]
checksum = "sha256:11caeed8b581d460638f836f10f6ead19cbf08d774a5b8e502628b20ebf3ac43"
url = "https://github.com/pnpm/pnpm/releases/download/v11.25.0/pnpm-linux-x64.tar.gz"
url_api = "https://api.github.com/repos/pnpm/pnpm/releases/assets/535298945"
provenance = "github-attestations"

[tools.pnpm."platforms.linux-x64-musl"]
checksum = "sha256:2a25fd5614c89d3e8e7c8cabfe9f5f2aba3c4f997fb69e6934ee257dd8753ca5"
url = "https://github.com/pnpm/pnpm/releases/download/v11.25.0/pnpm-linux-x64-musl.tar.gz"
url_api = "https://api.github.com/repos/pnpm/pnpm/releases/assets/535298949"
provenance = "github-attestations"

[tools.pnpm."platforms.macos-arm64"]
checksum = "sha256:cdcf7130ed2e7aa324c7c76ab597de66db0529b6b1e0db9e489bde538fdc0d04"
url = "https://github.com/pnpm/pnpm/releases/download/v11.25.0/pnpm-darwin-arm64.tar.gz"
url_api = "https://api.github.com/repos/pnpm/pnpm/releases/assets/535298948"
provenance = "github-attestations"

[tools.pnpm."platforms.windows-x64"]
checksum = "sha256:2d0203af85fc6fbb40f786a2671f175e9119a7c6dfcc4f30b1fa17e0f072c301"
url = "https://github.com/pnpm/pnpm/releases/download/v11.25.0/pnpm-win32-x64.zip"
url_api = "https://api.github.com/repos/pnpm/pnpm/releases/assets/535298950"
provenance = "github-attestations"

[[tools.rust]]
version = "1.98.1"
backend = "core:rust"

[tools.rust.options]
components = "clippy,rustfmt"
profile = "minimal"
targets = "x86_64-unknown-linux-gnu"

[[tools.uv]]
version = "0.12.5"
backend = "aqua:astral-sh/uv"

[tools.uv."platforms.linux-arm64"]
checksum = "sha256:8767a0e77f2cd45436401b1b42bf7e9ed5a4a91a74a5305d6fe93249d0f6dbc5"
url = "https://github.com/astral-sh/uv/releases/download/0.12.5/uv-aarch64-unknown-linux-musl.tar.gz"
url_api = "https://api.github.com/repos/astral-sh/uv/releases/assets/514850993"
provenance = "github-attestations"

[tools.uv."platforms.linux-arm64-musl"]
checksum = "sha256:8767a0e77f2cd45436401b1b42bf7e9ed5a4a91a74a5305d6fe93249d0f6dbc5"
url = "https://github.com/astral-sh/uv/releases/download/0.12.5/uv-aarch64-unknown-linux-musl.tar.gz"
url_api = "https://api.github.com/repos/astral-sh/uv/releases/assets/514850993"
provenance = "github-attestations"

[tools.uv."platforms.linux-x64"]
checksum = "sha256:a4742988791c9aeae68c78150d6cba762062ad2a47e53738c2779d2b596bfcdb"
url = "https://github.com/astral-sh/uv/releases/download/0.12.5/uv-x86_64-unknown-linux-musl.tar.gz"
url_api = "https://api.github.com/repos/astral-sh/uv/releases/assets/514851105"
provenance = "github-attestations"

[tools.uv."platforms.linux-x64-musl"]
checksum = "sha256:a4742988791c9aeae68c78150d6cba762062ad2a47e53738c2779d2b596bfcdb"
url = "https://github.com/astral-sh/uv/releases/download/0.12.5/uv-x86_64-unknown-linux-musl.tar.gz"
url_api = "https://api.github.com/repos/astral-sh/uv/releases/assets/514851105"
provenance = "github-attestations"

[tools.uv."platforms.macos-arm64"]
checksum = "sha256:5bb0e5fe008a773c3dbcb97ff79cd89e1241464fe9d2f986d52ad8f1b037bd62"
url = "https://github.com/astral-sh/uv/releases/download/0.12.5/uv-aarch64-apple-darwin.tar.gz"
url_api = "https://api.github.com/repos/astral-sh/uv/releases/assets/514850968"
provenance = "github-attestations"

[tools.uv."platforms.macos-x64"]
checksum = "sha256:b3b2137477cf96c9686ebfb71524614cec780c673fd73e59bce099aef02e70e8"
url = "https://github.com/astral-sh/uv/releases/download/0.12.5/uv-x86_64-apple-darwin.tar.gz"
url_api = "https://api.github.com/repos/astral-sh/uv/releases/assets/514851078"
provenance = "github-attestations"

[tools.uv."platforms.windows-x64"]
checksum = "sha256:4c4d49d8738847d9b71ba319e49a5688c93eac0fe6204b1df24e98528dddf39a"
url = "https://github.com/astral-sh/uv/releases/download/0.12.5/uv-x86_64-pc-windows-msvc.zip"
url_api = "https://api.github.com/repos/astral-sh/uv/releases/assets/514851084"
provenance = "github-attestations"

[[tools.zig]]
version = "0.16.0"
backend = "core:zig"

[tools.zig."platforms.linux-arm64"]
checksum = "sha256:ea4b09bfb22ec6f6c6ceac57ab63efb6b46e17ab08d21f69f3a48b38e1534f17"
url = "https://ziglang.org/download/0.16.0/zig-aarch64-linux-0.16.0.tar.xz"

[tools.zig."platforms.linux-arm64-musl"]
checksum = "sha256:ea4b09bfb22ec6f6c6ceac57ab63efb6b46e17ab08d21f69f3a48b38e1534f17"
url = "https://ziglang.org/download/0.16.0/zig-aarch64-linux-0.16.0.tar.xz"

[tools.zig."platforms.linux-x64"]
checksum = "sha256:70e49664a74374b48b51e6f3fdfbf437f6395d42509050588bd49abe52ba3d00"
url = "https://ziglang.org/download/0.16.0/zig-x86_64-linux-0.16.0.tar.xz"

[tools.zig."platforms.linux-x64-musl"]
checksum = "sha256:70e49664a74374b48b51e6f3fdfbf437f6395d42509050588bd49abe52ba3d00"
url = "https://ziglang.org/download/0.16.0/zig-x86_64-linux-0.16.0.tar.xz"

[tools.zig."platforms.macos-arm64"]
checksum = "sha256:b23d70deaa879b5c2d486ed3316f7eaa53e84acf6fc9cc747de152450d401489"
url = "https://ziglang.org/download/0.16.0/zig-aarch64-macos-0.16.0.tar.xz"

[tools.zig."platforms.macos-x64"]
checksum = "sha256:0387557ed1877bc6a2e1802c8391953baddba76081876301c522f52977b52ba7"
url = "https://ziglang.org/download/0.16.0/zig-x86_64-macos-0.16.0.tar.xz"

[tools.zig."platforms.windows-x64"]
checksum = "sha256:68659eb5f1e4eb1437a722f1dd889c5a322c9954607f5edcf337bc3684a75a7e"
url = "https://ziglang.org/download/0.16.0/zig-x86_64-windows-0.16.0.zip"
